
Microsoft Visual Studio Solution File, Format Version 12.00
Project("{FAE04EC0-301F-11D3-BF4B-00C04F79EFBC}") = "Task01", "Task01\Task01.csproj", "{019C740D-F0E8-4391-B384-001DAEDD2937}"
EndProject
Project("{FAE04EC0-301F-11D3-BF4B-00C04F79EFBC}") = "Task02.ClassLib", "Task02.ClassLib\Task02.ClassLib.csproj", "{3F4B65D2-4CD9-4F26-ADDA-4A459A67A6C7}"
EndProject
Project("{FAE04EC0-301F-11D3-BF4B-00C04F79EFBC}") = "Task02.ConsoleApp", "Task02.ConsoleApp\Task02.ConsoleApp.csproj", "{2973693A-A243-4235-BE73-D51058CD00C0}"
EndProject
Global
	GlobalSection(SolutionConfigurationPlatforms) = preSolution
		Debug|Any CPU = Debug|Any CPU
		Release|Any CPU = Release|Any CPU
	EndGlobalSection
	GlobalSection(ProjectConfigurationPlatforms) = postSolution
		{019C740D-F0E8-4391-B384-001DAEDD2937}.Debug|Any CPU.ActiveCfg = Debug|Any CPU
		{019C740D-F0E8-4391-B384-001DAEDD2937}.Debug|Any CPU.Build.0 = Debug|Any CPU
		{019C740D-F0E8-4391-B384-001DAEDD2937}.Release|Any CPU.ActiveCfg = Release|Any CPU
		{019C740D-F0E8-4391-B384-001DAEDD2937}.Release|Any CPU.Build.0 = Release|Any CPU
		{3F4B65D2-4CD9-4F26-ADDA-4A459A67A6C7}.Debug|Any CPU.ActiveCfg = Debug|Any CPU
		{3F4B65D2-4CD9-4F26-ADDA-4A459A67A6C7}.Debug|Any CPU.Build.0 = Debug|Any CPU
		{3F4B65D2-4CD9-4F26-ADDA-4A459A67A6C7}.Release|Any CPU.ActiveCfg = Release|Any CPU
		{3F4B65D2-4CD9-4F26-ADDA-4A459A67A6C7}.Release|Any CPU.Build.0 = Release|Any CPU
		{2973693A-A243-4235-BE73-D51058CD00C0}.Debug|Any CPU.ActiveCfg = Debug|Any CPU
		{2973693A-A243-4235-BE73-D51058CD00C0}.Debug|Any CPU.Build.0 = Debug|Any CPU
		{2973693A-A243-4235-BE73-D51058CD00C0}.Release|Any CPU.ActiveCfg = Release|Any CPU
		{2973693A-A243-4235-BE73-D51058CD00C0}.Release|Any CPU.Build.0 = Release|Any CPU
	EndGlobalSection
EndGlobal
